{
    "_meta": {
        "hash": {
            "sha256": "5fe62e347fcc13d4a4b0c70630806e5785e0ba04c85848e8eb66f76410d0f939"
        },
        "pipfile-spec": 6,
        "requires": {
            "python_version": "3.11"
        },
        "sources": [
            {
                "name": "pypi",
                "url": "https://pypi.org/simple",
                "verify_ssl": true
            }
        ]
    },
    "default": {
        "click": {
            "hashes": [
                "sha256:ae74fb96c20a0277a1d615f1e4d73c8414f5a98db8b799a7931d1582f3390c28",
                "sha256:ca9853ad459e787e2192211578cc907e7594e294c7ccc834310722b41b9ca6de"
            ],
            "markers": "python_version >= '3.7'",
            "version": "==8.1.7"
        },
        "fastapi": {
            "hashes": [
                "sha256:63c4592f5ef3edf30afa9a44fa7c6b7ccb20e0d3f68cd9eba07b44d552058dcb",
                "sha256:98d8ea9591d8512fdadf255d2a8fa56515cdd8624dca4af369da73727409508e"
            ],
            "index": "pypi",
            "markers": "python_version >= '3.6'",
            "version": "==0.63.0"
        },
        "greenlet": {
            "hashes": [
                "sha256:03a8f4f3430c3b3ff8d10a2a86028c660355ab637cee9333d63d66b56f09d52a",
                "sha256:0bf60faf0bc2468089bdc5edd10555bab6e85152191df713e2ab1fcc86382b5a",
                "sha256:1087300cf9700bbf455b1b97e24db18f2f77b55302a68272c56209d5587c12d1",
                "sha256:18a7f18b82b52ee85322d7a7874e676f34ab319b9f8cce5de06067384aa8ff43",
                "sha256:18e98fb3de7dba1c0a852731c3070cf022d14f0d68b4c87a19cc1016f3bb8b33",
                "sha256:1a819eef4b0e0b96bb0d98d797bef17dc1b4a10e8d7446be32d1da33e095dbb8",
                "sha256:26fbfce90728d82bc9e6c38ea4d038cba20b7faf8a0ca53a9c07b67318d46088",
                "sha256:2780572ec463d44c1d3ae850239508dbeb9fed38e294c68d19a24d925d9223ca",
                "sha256:283737e0da3f08bd637b5ad058507e578dd462db259f7f6e4c5c365ba4ee9343",
                "sha256:2d4686f195e32d36b4d7cf2d166857dbd0ee9f3d20ae349b6bf8afc8485b3645",
                "sha256:2dd11f291565a81d71dab10b7033395b7a3a5456e637cf997a6f33ebdf06f8db",
                "sha256:30bcf80dda7f15ac77ba5af2b961bdd9dbc77fd4ac6105cee85b0d0a5fcf74df",
                "sha256:32e5b64b148966d9cccc2c8d35a671409e45f195864560829f395a54226408d3",
                "sha256:36abbf031e1c0f79dd5d596bfaf8e921c41df2bdf54ee1eed921ce1f52999a86",
                "sha256:3a06ad5312349fec0ab944664b01d26f8d1f05009566339ac6f63f56589bc1a2",
                "sha256:3a51c9751078733d88e013587b108f1b7a1fb106d402fb390740f002b6f6551a",
                "sha256:3c9b12575734155d0c09d6c3e10dbd81665d5c18e1a7c6597df72fd05990c8cf",
                "sha256:3f6ea9bd35eb450837a3d80e77b517ea5bc56b4647f5502cd28de13675ee12f7",
                "sha256:4b58adb399c4d61d912c4c331984d60eb66565175cdf4a34792cd9600f21b394",
                "sha256:4d2e11331fc0c02b6e84b0d28ece3a36e0548ee1a1ce9ddde03752d9b79bba40",
                "sha256:5454276c07d27a740c5892f4907c86327b632127dd9abec42ee62e12427ff7e3",
                "sha256:561091a7be172ab497a3527602d467e2b3fbe75f9e783d8b8ce403fa414f71a6",
                "sha256:6c3acb79b0bfd4fe733dff8bc62695283b57949ebcca05ae5c129eb606ff2d74",
                "sha256:703f18f3fda276b9a916f0934d2fb6d989bf0b4fb5a64825260eb9bfd52d78f0",
                "sha256:7492e2b7bd7c9b9916388d9df23fa49d9b88ac0640db0a5b4ecc2b653bf451e3",
                "sha256:76ae285c8104046b3a7f06b42f29c7b73f77683df18c49ab5af7983994c2dd91",
                "sha256:7cafd1208fdbe93b67c7086876f061f660cfddc44f404279c1585bbf3cdc64c5",
                "sha256:7efde645ca1cc441d6dc4b48c0f7101e8d86b54c8530141b09fd31cef5149ec9",
                "sha256:8512a0c38cfd4e66a858ddd1b17705587900dd760c6003998e9472b77b56d417",
                "sha256:88d9ab96491d38a5ab7c56dd7a3cc37d83336ecc564e4e8816dbed12e5aaefc8",
                "sha256:8eab883b3b2a38cc1e050819ef06a7e6344d4a990d24d45bc6f2cf959045a45b",
                "sha256:910841381caba4f744a44bf81bfd573c94e10b3045ee00de0cbf436fe50673a6",
                "sha256:9190f09060ea4debddd24665d6804b995a9c122ef5917ab26e1566dcc712ceeb",
                "sha256:937e9020b514ceedb9c830c55d5c9872abc90f4b5862f89c0887033ae33c6f73",
                "sha256:94c817e84245513926588caf1152e3b559ff794d505555211ca041f032abbb6b",
                "sha256:971ce5e14dc5e73715755d0ca2975ac88cfdaefcaab078a284fea6cfabf866df",
                "sha256:9d14b83fab60d5e8abe587d51c75b252bcc21683f24699ada8fb275d7712f5a9",
                "sha256:9f35ec95538f50292f6d8f2c9c9f8a3c6540bbfec21c9e5b4b751e0a7c20864f",
                "sha256:a1846f1b999e78e13837c93c778dcfc3365902cfb8d1bdb7dd73ead37059f0d0",
                "sha256:acd2162a36d3de67ee896c43effcd5ee3de247eb00354db411feb025aa319857",
                "sha256:b0ef99cdbe2b682b9ccbb964743a6aca37905fda5e0452e5ee239b1654d37f2a",
                "sha256:b80f600eddddce72320dbbc8e3784d16bd3fb7b517e82476d8da921f27d4b249",
                "sha256:b864ba53912b6c3ab6bcb2beb19f19edd01a6bfcbdfe1f37ddd1778abfe75a30",
                "sha256:b9ec052b06a0524f0e35bd8790686a1da006bd911dd1ef7d50b77bfbad74e292",
                "sha256:ba2956617f1c42598a308a84c6cf021a90ff3862eddafd20c3333d50f0edb45b",
                "sha256:bdfea8c661e80d3c1c99ad7c3ff74e6e87184895bbaca6ee8cc61209f8b9b85d",
                "sha256:be4ed120b52ae4d974aa40215fcdfde9194d63541c7ded40ee12eb4dda57b76b",
                "sha256:c4302695ad8027363e96311df24ee28978162cdcdd2006476c43970b384a244c",
                "sha256:c48f54ef8e05f04d6eff74b8233f6063cb1ed960243eacc474ee73a2ea8573ca",
                "sha256:c9c59a2120b55788e800d82dfa99b9e156ff8f2227f07c5e3012a45a399620b7",
                "sha256:cd021c754b162c0fb55ad5d6b9d960db667faad0fa2ff25bb6e1301b0b6e6a75",
                "sha256:d27ec7509b9c18b6d73f2f5ede2622441de812e7b1a80bbd446cb0633bd3d5ae",
                "sha256:d4606a527e30548153be1a9f155f4e283d109ffba663a15856089fb55f933e47",
                "sha256:d5508f0b173e6aa47273bdc0a0b5ba055b59662ba7c7ee5119528f466585526b",
                "sha256:d75209eed723105f9596807495d58d10b3470fa6732dd6756595e89925ce2470",
                "sha256:d967650d3f56af314b72df7089d96cda1083a7fc2da05b375d2bc48c82ab3f3c",
                "sha256:db1a39669102a1d8d12b57de2bb7e2ec9066a6f2b3da35ae511ff93b01b5d564",
                "sha256:dbfcfc0218093a19c252ca8eb9aee3d29cfdcb586df21049b9d777fd32c14fd9",
                "sha256:e0f72c9ddb8cd28532185f54cc1453f2c16fb417a08b53a855c4e6a418edd099",
                "sha256:e7c8dc13af7db097bed64a051d2dd49e9f0af495c26995c00a9ee842690d34c0",
                "sha256:ea9872c80c132f4663822dd2a08d404073a5a9b5ba6155bea72fb2a79d1093b5",
                "sha256:eff4eb9b7eb3e4d0cae3d28c283dc16d9bed6b193c2e1ace3ed86ce48ea8df19",
                "sha256:f82d4d717d8ef19188687aa32b8363e96062911e63ba22a0cff7802a8e58e5f1",
                "sha256:fc3a569657468b6f3fb60587e48356fe512c1754ca05a564f11366ac9e306526"
            ],
            "markers": "python_version >= '3'",
            "version": "==2.0.2"
        },
        "h11": {
            "hashes": [
                "sha256:8f19fbbe99e72420ff35c00b27a34cb9937e902a8b810e2c88300c6f0a3b699d",
                "sha256:e3fe4ac4b851c468cc8363d500db52c2ead036020723024a109d37346efaa761"
            ],
            "markers": "python_version >= '3.7'",
            "version": "==0.14.0"
        },
        "numpy": {
            "hashes": [
                "sha256:0d60fbae8e0019865fc4784745814cff1c421df5afee233db6d88ab4f14655a2",
                "sha256:1a1329e26f46230bf77b02cc19e900db9b52f398d6722ca853349a782d4cff55",
                "sha256:1b9735c27cea5d995496f46a8b1cd7b408b3f34b6d50459d9ac8fe3a20cc17bf",
                "sha256:2792d23d62ec51e50ce4d4b7d73de8f67a2fd3ea710dcbc8563a51a03fb07b01",
                "sha256:3e0746410e73384e70d286f93abf2520035250aad8c5714240b0492a7302fdca",
                "sha256:4c3abc71e8b6edba80a01a52e66d83c5d14433cbcd26a40c329ec7ed09f37901",
                "sha256:5883c06bb92f2e6c8181df7b39971a5fb436288db58b5a1c3967702d4278691d",
                "sha256:5c97325a0ba6f9d041feb9390924614b60b99209a71a69c876f71052521d42a4",
                "sha256:60e7f0f7f6d0eee8364b9a6304c2845b9c491ac706048c7e8cf47b83123b8dbf",
                "sha256:76b4115d42a7dfc5d485d358728cdd8719be33cc5ec6ec08632a5d6fca2ed380",
                "sha256:7dc869c0c75988e1c693d0e2d5b26034644399dd929bc049db55395b1379e044",
                "sha256:834b386f2b8210dca38c71a6e0f4fd6922f7d3fcff935dbe3a570945acb1b545",
                "sha256:8b77775f4b7df768967a7c8b3567e309f617dd5e99aeb886fa14dc1a0791141f",
                "sha256:90319e4f002795ccfc9050110bbbaa16c944b1c37c0baeea43c5fb881693ae1f",
                "sha256:b79e513d7aac42ae918db3ad1341a015488530d0bb2a6abcbdd10a3a829ccfd3",
                "sha256:bb33d5a1cf360304754913a350edda36d5b8c5331a8237268c48f91253c3a364",
                "sha256:bec1e7213c7cb00d67093247f8c4db156fd03075f49876957dca4711306d39c9",
                "sha256:c5462d19336db4560041517dbb7759c21d181a67cb01b36ca109b2ae37d32418",
                "sha256:c5652ea24d33585ea39eb6a6a15dac87a1206a692719ff45d53c5282e66d4a8f",
                "sha256:d7806500e4f5bdd04095e849265e55de20d8cc4b661b038957354327f6d9b295",
                "sha256:db3ccc4e37a6873045580d413fe79b68e47a681af8db2e046f1dacfa11f86eb3",
                "sha256:dfe4a913e29b418d096e696ddd422d8a5d13ffba4ea91f9f60440a3b759b0187",
                "sha256:eb942bfb6f84df5ce05dbf4b46673ffed0d3da59f13635ea9b926af3deb76926",
                "sha256:f08f2e037bba04e707eebf4bc934f1972a315c883a9e0ebfa8a7756eabf9e357",
                "sha256:fd608e19c8d7c55021dffd43bfe5492fab8cc105cc8986f813f8c3c048b38760"
            ],
            "markers": "python_version >= '3.9'",
            "version": "==1.25.2"
        },
        "pandas": {
            "hashes": [
                "sha256:0a643bae4283a37732ddfcecab3f62dd082996021b980f580903f4e8e01b3c5b",
                "sha256:0de3ddb414d30798cbf56e642d82cac30a80223ad6fe484d66c0ce01a84d6f2f",
                "sha256:19a2148a1d02791352e9fa637899a78e371a3516ac6da5c4edc718f60cbae648",
                "sha256:21b5a2b033380adbdd36b3116faaf9a4663e375325831dac1b519a44f9e439bb",
                "sha256:24c7f8d4aee71bfa6401faeba367dd654f696a77151a8a28bc2013f7ced4af98",
                "sha256:26fa92d3ac743a149a31b21d6f4337b0594b6302ea5575b37af9ca9611e8981a",
                "sha256:2860a97cbb25444ffc0088b457da0a79dc79f9c601238a3e0644312fcc14bf11",
                "sha256:2b1c6cd28a0dfda75c7b5957363333f01d370936e4c6276b7b8e696dd500582a",
                "sha256:2c2f7c670ea4e60318e4b7e474d56447cf0c7d83b3c2a5405a0dbb2600b9c48e",
                "sha256:3be7a7a0ca71a2640e81d9276f526bca63505850add10206d0da2e8a0a325dae",
                "sha256:4c62e94d5d49db116bef1bd5c2486723a292d79409fc9abd51adf9e05329101d",
                "sha256:5008374ebb990dad9ed48b0f5d0038124c73748f5384cc8c46904dace27082d9",
                "sha256:5447ea7af4005b0daf695a316a423b96374c9c73ffbd4533209c5ddc369e644b",
                "sha256:573fba5b05bf2c69271a32e52399c8de599e4a15ab7cec47d3b9c904125ab788",
                "sha256:5a780260afc88268a9d3ac3511d8f494fdcf637eece62fb9eb656a63d53eb7ca",
                "sha256:70865f96bb38fec46f7ebd66d4b5cfd0aa6b842073f298d621385ae3898d28b5",
                "sha256:731568be71fba1e13cae212c362f3d2ca8932e83cb1b85e3f1b4dd77d019254a",
                "sha256:b61080750d19a0122469ab59b087380721d6b72a4e7d962e4d7e63e0c4504814",
                "sha256:bf23a3b54d128b50f4f9d4675b3c1857a688cc6731a32f931837d72effb2698d",
                "sha256:c16d59c15d946111d2716856dd5479221c9e4f2f5c7bc2d617f39d870031e086",
                "sha256:c61c043aafb69329d0f961b19faa30b1dab709dd34c9388143fc55680059e55a",
                "sha256:c94ff2780a1fd89f190390130d6d36173ca59fcfb3fe0ff596f9a56518191ccb",
                "sha256:edda9bacc3843dfbeebaf7a701763e68e741b08fccb889c003b0a52f0ee95782",
                "sha256:f10fc41ee3c75a474d3bdf68d396f10782d013d7f67db99c0efbfd0acb99701b"
            ],
            "index": "pypi",
            "markers": "python_full_version >= '3.6.1'",
            "version": "==1.1.5"
        },
        "pydantic": {
            "hashes": [
                "sha256:0fe8a415cea8f340e7a9af9c54fc71a649b43e8ca3cc732986116b3cb135d303",
                "sha256:1289c180abd4bd4555bb927c42ee42abc3aee02b0fb2d1223fb7c6e5bef87dbe",
                "sha256:1eb2085c13bce1612da8537b2d90f549c8cbb05c67e8f22854e201bde5d98a47",
                "sha256:2031de0967c279df0d8a1c72b4ffc411ecd06bac607a212892757db7462fc494",
                "sha256:2a7bac939fa326db1ab741c9d7f44c565a1d1e80908b3797f7f81a4f86bc8d33",
                "sha256:2d5a58feb9a39f481eda4d5ca220aa8b9d4f21a41274760b9bc66bfd72595b86",
                "sha256:2f9a6fab5f82ada41d56b0602606a5506aab165ca54e52bc4545028382ef1c5d",
                "sha256:2fcfb5296d7877af406ba1547dfde9943b1256d8928732267e2653c26938cd9c",
                "sha256:549a8e3d81df0a85226963611950b12d2d334f214436a19537b2efed61b7639a",
                "sha256:598da88dfa127b666852bef6d0d796573a8cf5009ffd62104094a4fe39599565",
                "sha256:5d1197e462e0364906cbc19681605cb7c036f2475c899b6f296104ad42b9f5fb",
                "sha256:69328e15cfda2c392da4e713443c7dbffa1505bc9d566e71e55abe14c97ddc62",
                "sha256:6a9dfa722316f4acf4460afdf5d41d5246a80e249c7ff475c43a3a1e9d75cf62",
                "sha256:6b30bcb8cbfccfcf02acb8f1a261143fab622831d9c0989707e0e659f77a18e0",
                "sha256:6c076be61cd0177a8433c0adcb03475baf4ee91edf5a4e550161ad57fc90f523",
                "sha256:771735dc43cf8383959dc9b90aa281f0b6092321ca98677c5fb6125a6f56d58d",
                "sha256:795e34e6cc065f8f498c89b894a3c6da294a936ee71e644e4bd44de048af1405",
                "sha256:87afda5539d5140cb8ba9e8b8c8865cb5b1463924d38490d73d3ccfd80896b3f",
                "sha256:8fb2aa3ab3728d950bcc885a2e9eff6c8fc40bc0b7bb434e555c215491bcf48b",
                "sha256:a1fcb59f2f355ec350073af41d927bf83a63b50e640f4dbaa01053a28b7a7718",
                "sha256:a5e7add47a5b5a40c49b3036d464e3c7802f8ae0d1e66035ea16aa5b7a3923ed",
                "sha256:a73f489aebd0c2121ed974054cb2759af8a9f747de120acd2c3394cf84176ccb",
                "sha256:ab26038b8375581dc832a63c948f261ae0aa21f1d34c1293469f135fa92972a5",
                "sha256:b0d191db0f92dfcb1dec210ca244fdae5cbe918c6050b342d619c09d31eea0cc",
                "sha256:b749a43aa51e32839c9d71dc67eb1e4221bb04af1033a32e3923d46f9effa942",
                "sha256:b7ccf02d7eb340b216ec33e53a3a629856afe1c6e0ef91d84a4e6f2fb2ca70fe",
                "sha256:ba5b2e6fe6ca2b7e013398bc7d7b170e21cce322d266ffcd57cca313e54fb246",
                "sha256:ba5c4a8552bff16c61882db58544116d021d0b31ee7c66958d14cf386a5b5350",
                "sha256:c79e6a11a07da7374f46970410b41d5e266f7f38f6a17a9c4823db80dadf4303",
                "sha256:ca48477862372ac3770969b9d75f1bf66131d386dba79506c46d75e6b48c1e09",
                "sha256:dea7adcc33d5d105896401a1f37d56b47d443a2b2605ff8a969a0ed5543f7e33",
                "sha256:e0a16d274b588767602b7646fa05af2782576a6cf1022f4ba74cbb4db66f6ca8",
                "sha256:e4129b528c6baa99a429f97ce733fff478ec955513630e61b49804b6cf9b224a",
                "sha256:e5f805d2d5d0a41633651a73fa4ecdd0b3d7a49de4ec3fadf062fe16501ddbf1",
                "sha256:ef6c96b2baa2100ec91a4b428f80d8f28a3c9e53568219b6c298c1125572ebc6",
                "sha256:fdbdd1d630195689f325c9ef1a12900524dceb503b00a987663ff4f58669b93d"
            ],
            "markers": "python_version >= '3.7'",
            "version": "==1.10.12"
        },
        "pymysql": {
            "hashes": [
                "sha256:41fc3a0c5013d5f039639442321185532e3e2c8924687abe6537de157d403641",
                "sha256:816927a350f38d56072aeca5dfb10221fe1dc653745853d30a216637f5d7ad36"
            ],
            "index": "pypi",
            "markers": "python_version >= '3.6'",
            "version": "==1.0.2"
        },
        "python-dateutil": {
            "hashes": [
                "sha256:0123cacc1627ae19ddf3c27a5de5bd67ee4586fbdd6440d9748f8abb483d3e86",
                "sha256:961d03dc3453ebbc59dbdea9e4e11c5651520a876d0f4db161e8674aae935da9"
            ],
            "markers": "python_version >= '2.7' and python_version not in '3.0, 3.1, 3.2, 3.3'",
            "version": "==2.8.2"
        },
        "pytz": {
            "hashes": [
                "sha256:7b4fddbeb94a1eba4b557da24f19fdf9db575192544270a9101d8509f9f43d7b",
                "sha256:ce42d816b81b68506614c11e8937d3aa9e41007ceb50bfdcb0749b921bf646c7"
            ],
            "version": "==2023.3.post1"
        },
        "six": {
            "hashes": [
                "sha256:1e61c37477a1626458e36f7b1d82aa5c9b094fa4802892072e49de9c60c4c926",
                "sha256:8abb2f1d86890a2dfb989f9a77cfcfd3e47c2a354b01111771326f8aa26e0254"
            ],
            "markers": "python_version >= '2.7' and python_version not in '3.0, 3.1, 3.2, 3.3'",
            "version": "==1.16.0"
        },
        "sqlalchemy": {
            "hashes": [
                "sha256:0f6d467b67a7e5048f1408e8ea60d6caa70be5b386d0eebbf1185ab49cb8c7e4",
                "sha256:238d78b3110b7f7cffdb70bf9cda686e0d876a849bc78ba4d471aa7b1461f306",
                "sha256:25c0e0f3a7e8c19350086b3c0fe93c4def045cec053d749ef15da710c4d54c81",
                "sha256:2f60a2e599cf5cf5e5327ce60f2918b897e42ad9f405d10dd01e37869c0ce6fc",
                "sha256:38ee3a266afef2978e82824650457f70c5d74ec0cadec1b10fe5ed6f038eb5d0",
                "sha256:46361690f1e1c5385994a4caeb6e8126063ff593a5c635700bbc1245de793c1e",
                "sha256:46b99eab618cdc1c871ea707b7c52edc23cfea6c750740cd242ba62b5c84de7f",
                "sha256:4a67371752fd86d1d03a3b82d4e75404608f6f4d579b9676124079a22a40c79f",
                "sha256:525dd3c2205b11a2bc6d770bf1ec63bde0253fd754b4c19c399d27ddc9dad0d3",
                "sha256:6c8406c3d8c1c7d15da454de15d77f7bb48d14ede5db994f74226c348cf1050e",
                "sha256:6da83225a23eaf7b3f48f3d5f53c91b2cf00fbfa48b24a7a758160112dd3e123",
                "sha256:7150e5b543b466f45f668b352f7abda27998cc8035f051d1b7e9524ca9eb2f5f",
                "sha256:76fbc24311a3d039d6cd147d396719f606d96d1413f3816c028a48e29367f646",
                "sha256:854a7b15750e617e16f8d65dbc004f065a7963544b253b923f16109557648777",
                "sha256:86c079732328f1add097b0b8079cd532b5d28e207fac93e9d6ea5f487506deef",
                "sha256:8d860c62e3f51623ccd528d8fac44580501df557d4b467cc5581587fcf057719",
                "sha256:9675d5bc7e4f96a7bb2b54d14e9b269a5fb6e5d36ecc7d01f0f65bb9af3185f9",
                "sha256:9841762d114018c49483c089fa2d47f7e612e57666323f615913d7d7f46e9606",
                "sha256:9eb25bcf9161e2fcbe9eebe8e829719b2334e849183f0e496bf4b83722bcccfa",
                "sha256:aad3234a41340e9cf6184e621694e2a7233ba3f8aef9b1e6de8cba431b45ebd2",
                "sha256:b502b5e2f08500cc4b8d29bfc4f51d805adcbc00f8d149e98fda8aae85ddb644",
                "sha256:b86d83fefc8a8c394f3490c37e1953bc16c311a3d1d1cf91518793bfb9847fb4",
                "sha256:c0eb2cd3ad4967fcbdd9e066e8cd91fe2c23c671dbae9952f0b4d3d42832cc5f",
                "sha256:e0d48456e1aa4f0537f9c9af7be71e1f0659ff68bc1cd538ebc785f6b007bd0d",
                "sha256:eaee5dd378f6f0d7c3ec49aeeb26564d55ac0ad73b9b4688bf29e66deabddf73",
                "sha256:f14acb0fd16d404fda9370f93aace682f284340c89c3442ac747c5466ac7e2b5",
                "sha256:f6fc526bd70898489d02bf52c8f0632ab377592ae954d0c0a5bb38d618dddaa9",
                "sha256:fcd84e4d46a86291495d131a7824ba38d2e8278bda9425c50661a04633174319",
                "sha256:ff38ecf89c69a531a7326c2dae71982edfe2f805f3c016cdc5bfd1a04ebf80cb",
                "sha256:ff8bebc7a9d297dff2003460e01db2c20c63818b45fb19170f388b1a72fe5a14"
            ],
            "index": "pypi",
            "markers": "python_version >= '2.7' and python_version not in '3.0, 3.1, 3.2, 3.3, 3.4, 3.5'",
            "version": "==1.4.20"
        },
        "starlette": {
            "hashes": [
                "sha256:bd2ffe5e37fb75d014728511f8e68ebf2c80b0fa3d04ca1479f4dc752ae31ac9",
                "sha256:ebe8ee08d9be96a3c9f31b2cb2a24dbdf845247b745664bd8a3f9bd0c977fdbc"
            ],
            "markers": "python_version >= '3.6'",
            "version": "==0.13.6"
        },
        "typing-extensions": {
            "hashes": [
                "sha256:440d5dd3af93b060174bf433bccd69b0babc3b15b1a8dca43789fd7f61514b36",
                "sha256:b75ddc264f0ba5615db7ba217daeb99701ad295353c45f9e95963337ceeeffb2"
            ],
            "markers": "python_version >= '3.7'",
            "version": "==4.7.1"
        },
        "uvicorn": {
            "hashes": [
                "sha256:1f9be6558f01239d4fdf22ef8126c39cb1ad0addf76c40e760549d2c2f43ab53",
                "sha256:4d3cc12d7727ba72b64d12d3cc7743124074c0a69f7b201512fc50c3e3f1569a"
            ],
            "index": "pypi",
            "markers": "python_version >= '3.8'",
            "version": "==0.23.2"
        }
    },
    "develop": {}
}
